
Microsoft Visual Studio Solution File, Format Version 12.00
# Visual Studio Version 17
VisualStudioVersion = 17.11.35312.102
MinimumVisualStudioVersion = 10.0.40219.1
Project("{FAE04EC0-301F-11D3-BF4B-00C04F79EFBC}") = "QuanLySinhVien", "Lab04-1\QuanLySinhVien.csproj", "{C752DDD8-D00D-438B-82EE-A31BF6DF138D}"
EndProject
Project("{FAE04EC0-301F-11D3-BF4B-00C04F79EFBC}") = "QuanLyBanHang", "Lab04_04\QuanLyBanHang.csproj", "{4E737890-3EB1-4962-B40F-BC5317251CE1}"
EndProject
Global
	GlobalSection(SolutionConfigurationPlatforms) = preSolution
		Debug|Any CPU = Debug|Any CPU
		Release|Any CPU = Release|Any CPU
	EndGlobalSection
	GlobalSection(ProjectConfigurationPlatforms) = postSolution
		{C752DDD8-D00D-438B-82EE-A31BF6DF138D}.Debug|Any CPU.ActiveCfg = Debug|Any CPU
		{C752DDD8-D00D-438B-82EE-A31BF6DF138D}.Debug|Any CPU.Build.0 = Debug|Any CPU
		{C752DDD8-D00D-438B-82EE-A31BF6DF138D}.Release|Any CPU.ActiveCfg = Release|Any CPU
		{C752DDD8-D00D-438B-82EE-A31BF6DF138D}.Release|Any CPU.Build.0 = Release|Any CPU
		{4E737890-3EB1-4962-B40F-BC5317251CE1}.Debug|Any CPU.ActiveCfg = Debug|Any CPU
		{4E737890-3EB1-4962-B40F-BC5317251CE1}.Debug|Any CPU.Build.0 = Debug|Any CPU
		{4E737890-3EB1-4962-B40F-BC5317251CE1}.Release|Any CPU.ActiveCfg = Release|Any CPU
		{4E737890-3EB1-4962-B40F-BC5317251CE1}.Release|Any CPU.Build.0 = Release|Any CPU
	EndGlobalSection
	GlobalSection(SolutionProperties) = preSolution
		HideSolutionNode = FALSE
	EndGlobalSection
	GlobalSection(ExtensibilityGlobals) = postSolution
		SolutionGuid = {8F733A71-125A-45FF-8BE4-3CAC13830E25}
	EndGlobalSection
EndGlobal
